
Microsoft Visual Studio Solution File, Format Version 12.00
# Visual Studio Version 16
VisualStudioVersion = 16.0.31112.23
MinimumVisualStudioVersion = 10.0.40219.1
Project("{FAE04EC0-301F-11D3-BF4B-00C04F79EFBC}") = "Tri", "TriParInsertion\Tri.csproj", "{8B357A1F-3C67-4BF2-B21B-D2BC7E641F95}"
EndProject
Project("{FAE04EC0-301F-11D3-BF4B-00C04F79EFBC}") = "TestProject1", "TestProject1\TestProject1.csproj", "{70CFE163-024A-436E-A9AA-2B606B9841B9}"
EndProject
Global
	GlobalSection(SolutionConfigurationPlatforms) = preSolution
		Debug|Any CPU = Debug|Any CPU
		Release|Any CPU = Release|Any CPU
	EndGlobalSection
	GlobalSection(ProjectConfigurationPlatforms) = postSolution
		{8B357A1F-3C67-4BF2-B21B-D2BC7E641F95}.Debug|Any CPU.ActiveCfg = Debug|Any CPU
		{8B357A1F-3C67-4BF2-B21B-D2BC7E641F95}.Debug|Any CPU.Build.0 = Debug|Any CPU
		{8B357A1F-3C67-4BF2-B21B-D2BC7E641F95}.Release|Any CPU.ActiveCfg = Release|Any CPU
		{8B357A1F-3C67-4BF2-B21B-D2BC7E641F95}.Release|Any CPU.Build.0 = Release|Any CPU
		{70CFE163-024A-436E-A9AA-2B606B9841B9}.Debug|Any CPU.ActiveCfg = Debug|Any CPU
		{70CFE163-024A-436E-A9AA-2B606B9841B9}.Debug|Any CPU.Build.0 = Debug|Any CPU
		{70CFE163-024A-436E-A9AA-2B606B9841B9}.Release|Any CPU.ActiveCfg = Release|Any CPU
		{70CFE163-024A-436E-A9AA-2B606B9841B9}.Release|Any CPU.Build.0 = Release|Any CPU
	EndGlobalSection
	GlobalSection(SolutionProperties) = preSolution
		HideSolutionNode = FALSE
	EndGlobalSection
	GlobalSection(ExtensibilityGlobals) = postSolution
		SolutionGuid = {315DE69B-87F9-462B-B102-105D4E479442}
	EndGlobalSection
EndGlobal
